// !$*UTF8*$!
{
	archiveVersion = 1;
	classes = {
	};
	objectVersion = 48;
	objects = {

/* Begin PBXBuildFile section */
		248E89898904B9C74DBF8305 /* Pods_flixTests.framework in Frameworks */ = {isa = PBXBuildFile; fileRef = AA1DD883A611FB03EFF05028 /* Pods_flixTests.framework */; };
		58BF1AB41B2380E1218FB2AE /* Pods_flixUITests.framework in Frameworks */ = {isa = PBXBuildFile; fileRef = F9FFF879140C33C72B12305A /* Pods_flixUITests.framework */; };
		920D98DBE56D542B86E786A3 /* Pods_flix.framework in Frameworks */ = {isa = PBXBuildFile; fileRef = 0250FD8F6FF3A34FDC7DB8FD /* Pods_flix.framework */; };
		B8162004204CF30C00197E74 /* Movie.swift in Sources */ = {isa = PBXBuildFile; fileRef = B8162003204CF30C00197E74 /* Movie.swift */; };
		B8162007204D064200197E74 /* MovieApiManager.swift in Sources */ = {isa = PBXBuildFile; fileRef = B8162006204D064200197E74 /* MovieApiManager.swift */; };
		B823B4EF20291407006CE3E4 /* DetailViewController.swift in Sources */ = {isa = PBXBuildFile; fileRef = B823B4EE20291407006CE3E4 /* DetailViewController.swift */; };
		B823B4F12030E50A006CE3E4 /* PosterCell.swift in Sources */ = {isa = PBXBuildFile; fileRef = B823B4F02030E50A006CE3E4 /* PosterCell.swift */; };
		B823B4F32030E569006CE3E4 /* SuperheroViewController.swift in Sources */ = {isa = PBXBuildFile; fileRef = B823B4F22030E569006CE3E4 /* SuperheroViewController.swift */; };
		B87C2E6D20241EEF00123E3A /* NowPlayingViewController.swift in Sources */ = {isa = PBXBuildFile; fileRef = B87C2E6C20241EEF00123E3A /* NowPlayingViewController.swift */; };
		B87C2E6F202454C300123E3A /* MovieCell.swift in Sources */ = {isa = PBXBuildFile; fileRef = B87C2E6E202454C300123E3A /* MovieCell.swift */; };
		B8E9838A2022777B00F2EE4D /* AppDelegate.swift in Sources */ = {isa = PBXBuildFile; fileRef = B8E983892022777B00F2EE4D /* AppDelegate.swift */; };
		B8E9838F2022777B00F2EE4D /* Main.storyboard in Resources */ = {isa = PBXBuildFile; fileRef = B8E9838D2022777B00F2EE4D /* Main.storyboard */; };
		B8E983912022777B00F2EE4D /* Assets.xcassets in Resources */ = {isa = PBXBuildFile; fileRef = B8E983902022777B00F2EE4D /* Assets.xcassets */; };
		B8E983942022777B00F2EE4D /* LaunchScreen.storyboard in Resources */ = {isa = PBXBuildFile; fileRef = B8E983922022777B00F2EE4D /* LaunchScreen.storyboard */; };
		B8E9839F2022777B00F2EE4D /* flixTests.swift in Sources */ = {isa = PBXBuildFile; fileRef = B8E9839E2022777B00F2EE4D /* flixTests.swift */; };
		B8E983AA2022777B00F2EE4D /* flixUITests.swift in Sources */ = {isa = PBXBuildFile; fileRef = B8E983A92022777B00F2EE4D /* flixUITests.swift */; };
/* End PBXBuildFile section */

/* Begin PBXContainerItemProxy section */
		B8E9839B2022777B00F2EE4D /* PBXContainerItemProxy */ = {
			isa = PBXContainerItemProxy;
			containerPortal = B8E9837E2022777B00F2EE4D /* Project object */;
			proxyType = 1;
			remoteGlobalIDString = B8E983852022777B00F2EE4D;
			remoteInfo = flix;
		};
		B8E983A62022777B00F2EE4D /* PBXContainerItemProxy */ = {
			isa = PBXContainerItemProxy;
			containerPortal = B8E9837E2022777B00F2EE4D /* Project object */;
			proxyType = 1;
			remoteGlobalIDString = B8E983852022777B00F2EE4D;
			remoteInfo = flix;
		};
/* End PBXContainerItemProxy section */

/* Begin PBXFileReference section */
		0250FD8F6FF3A34FDC7DB8FD /* Pods_flix.framework */ = {isa = PBXFileReference; explicitFileType = wrapper.framework; includeInIndex = 0; path = Pods_flix.framework; sourceTree = BUILT_PRODUCTS_DIR; };
		127B25527E3F7DEF0D1E2518 /* Pods-flix.release.xcconfig */ = {isa = PBXFileReference; includeInIndex = 1; lastKnownFileType = text.xcconfig; name = "Pods-flix.release.xcconfig"; path = "Pods/Target Support Files/Pods-flix/Pods-flix.release.xcconfig"; sourceTree = "<group>"; };
		1651DADD48265CE3053C6DD6 /* Pods-flixTests.release.xcconfig */ = {isa = PBXFileReference; includeInIndex = 1; lastKnownFileType = text.xcconfig; name = "Pods-flixTests.release.xcconfig"; path = "Pods/Target Support Files/Pods-flixTests/Pods-flixTests.release.xcconfig"; sourceTree = "<group>"; };
		7C172BC45F7D3AFD9300DE36 /* Pods-flix.debug.xcconfig */ = {isa = PBXFileReference; includeInIndex = 1; lastKnownFileType = text.xcconfig; name = "Pods-flix.debug.xcconfig"; path = "Pods/Target Support Files/Pods-flix/Pods-flix.debug.xcconfig"; sourceTree = "<group>"; };
		8EB7D0F5FCA1EE9C03EF8AA7 /* Pods-flixTests.debug.xcconfig */ = {isa = PBXFileReference; includeInIndex = 1; lastKnownFileType = text.xcconfig; name = "Pods-flixTests.debug.xcconfig"; path = "Pods/Target Support Files/Pods-flixTests/Pods-flixTests.debug.xcconfig"; sourceTree = "<group>"; };
		AA1DD883A611FB03EFF05028 /* Pods_flixTests.framework */ = {isa = PBXFileReference; explicitFileType = wrapper.framework; includeInIndex = 0; path = Pods_flixTests.framework; sourceTree = BUILT_PRODUCTS_DIR; };
		B69B640FF90D3E70ABE0F47A /* Pods-flixUITests.debug.xcconfig */ = {isa = PBXFileReference; includeInIndex = 1; lastKnownFileType = text.xcconfig; name = "Pods-flixUITests.debug.xcconfig"; path = "Pods/Target Support Files/Pods-flixUITests/Pods-flixUITests.debug.xcconfig"; sourceTree = "<group>"; };
		B8162003204CF30C00197E74 /* Movie.swift */ = {isa = PBXFileReference; lastKnownFileType = sourcecode.swift; path = Movie.swift; sourceTree = "<group>"; };
		B8162006204D064200197E74 /* MovieApiManager.swift */ = {isa = PBXFileReference; lastKnownFileType = sourcecode.swift; path = MovieApiManager.swift; sourceTree = "<group>"; };
		B823B4EE20291407006CE3E4 /* DetailViewController.swift */ = {isa = PBXFileReference; lastKnownFileType = sourcecode.swift; path = DetailViewController.swift; sourceTree = "<group>"; };
		B823B4F02030E50A006CE3E4 /* PosterCell.swift */ = {isa = PBXFileReference; lastKnownFileType = sourcecode.swift; path = PosterCell.swift; sourceTree = "<group>"; };
		B823B4F22030E569006CE3E4 /* SuperheroViewController.swift */ = {isa = PBXFileReference; lastKnownFileType = sourcecode.swift; path = SuperheroViewController.swift; sourceTree = "<group>"; };
		B87C2E6C20241EEF00123E3A /* NowPlayingViewController.swift */ = {isa = PBXFileReference; lastKnownFileType = sourcecode.swift; path = NowPlayingViewController.swift; sourceTree = "<group>"; };
		B87C2E6E202454C300123E3A /* MovieCell.swift */ = {isa = PBXFileReference; lastKnownFileType = sourcecode.swift; path = MovieCell.swift; sourceTree = "<group>"; };
		B8AF9336238415A242D1BFC1 /* Pods-flixUITests.release.xcconfig */ = {isa = PBXFileReference; includeInIndex = 1; lastKnownFileType = text.xcconfig; name = "Pods-flixUITests.release.xcconfig"; path = "Pods/Target Support Files/Pods-flixUITests/Pods-flixUITests.release.xcconfig"; sourceTree = "<group>"; };
		B8E983862022777B00F2EE4D /* flix.app */ = {isa = PBXFileReference; explicitFileType = wrapper.application; includeInIndex = 0; path = flix.app; sourceTree = BUILT_PRODUCTS_DIR; };
		B8E983892022777B00F2EE4D /* AppDelegate.swift */ = {isa = PBXFileReference; lastKnownFileType = sourcecode.swift; path = AppDelegate.swift; sourceTree = "<group>"; };
		B8E9838E2022777B00F2EE4D /* Base */ = {isa = PBXFileReference; lastKnownFileType = file.storyboard; name = Base; path = Base.lproj/Main.storyboard; sourceTree = "<group>"; };
		B8E983902022777B00F2EE4D /* Assets.xcassets */ = {isa = PBXFileReference; lastKnownFileType = folder.assetcatalog; path = Assets.xcassets; sourceTree = "<group>"; };
		B8E983932022777B00F2EE4D /* Base */ = {isa = PBXFileReference; lastKnownFileType = file.storyboard; name = Base; path = Base.lproj/LaunchScreen.storyboard; sourceTree = "<group>"; };
		B8E983952022777B00F2EE4D /* Info.plist */ = {isa = PBXFileReference; lastKnownFileType = text.plist.xml; path = Info.plist; sourceTree = "<group>"; };
		B8E9839A2022777B00F2EE4D /* flixTests.xctest */ = {isa = PBXFileReference; explicitFileType = wrapper.cfbundle; includeInIndex = 0; path = flixTests.xctest; sourceTree = BUILT_PRODUCTS_DIR; };
		B8E9839E2022777B00F2EE4D /* flixTests.swift */ = {isa = PBXFileReference; lastKnownFileType = sourcecode.swift; path = flixTests.swift; sourceTree = "<group>"; };
		B8E983A02022777B00F2EE4D /* Info.plist */ = {isa = PBXFileReference; lastKnownFileType = text.plist.xml; path = Info.plist; sourceTree = "<group>"; };
		B8E983A52022777B00F2EE4D /* flixUITests.xctest */ = {isa = PBXFileReference; explicitFileType = wrapper.cfbundle; includeInIndex = 0; path = flixUITests.xctest; sourceTree = BUILT_PRODUCTS_DIR; };
		B8E983A92022777B00F2EE4D /* flixUITests.swift */ = {isa = PBXFileReference; lastKnownFileType = sourcecode.swift; path = flixUITests.swift; sourceTree = "<group>"; };
		B8E983AB2022777B00F2EE4D /* Info.plist */ = {isa = PBXFileReference; lastKnownFileType = text.plist.xml; path = Info.plist; sourceTree = "<group>"; };
		F9FFF879140C33C72B12305A /* Pods_flixUITests.framework */ = {isa = PBXFileReference; explicitFileType = wrapper.framework; includeInIndex = 0; path = Pods_flixUITests.framework; sourceTree = BUILT_PRODUCTS_DIR; };
/* End PBXFileReference section */

/* Begin PBXFrameworksBuildPhase section */
		B8E983832022777B00F2EE4D /* Frameworks */ = {
			isa = PBXFrameworksBuildPhase;
			buildActionMask = 2147483647;
			files = (
				920D98DBE56D542B86E786A3 /* Pods_flix.framework in Frameworks */,
			);
			runOnlyForDeploymentPostprocessing = 0;
		};
		B8E983972022777B00F2EE4D /* Frameworks */ = {
			isa = PBXFrameworksBuildPhase;
			buildActionMask = 2147483647;
			files = (
				248E89898904B9C74DBF8305 /* Pods_flixTests.framework in Frameworks */,
			);
			runOnlyForDeploymentPostprocessing = 0;
		};
		B8E983A22022777B00F2EE4D /* Frameworks */ = {
			isa = PBXFrameworksBuildPhase;
			buildActionMask = 2147483647;
			files = (
				58BF1AB41B2380E1218FB2AE /* Pods_flixUITests.framework in Frameworks */,
			);
			runOnlyForDeploymentPostprocessing = 0;
		};
/* End PBXFrameworksBuildPhase section */

/* Begin PBXGroup section */
		A8791B6EC3604E4A91DD870F /* Pods */ = {
			isa = PBXGroup;
			children = (
				7C172BC45F7D3AFD9300DE36 /* Pods-flix.debug.xcconfig */,
				127B25527E3F7DEF0D1E2518 /* Pods-flix.release.xcconfig */,
				8EB7D0F5FCA1EE9C03EF8AA7 /* Pods-flixTests.debug.xcconfig */,
				1651DADD48265CE3053C6DD6 /* Pods-flixTests.release.xcconfig */,
				B69B640FF90D3E70ABE0F47A /* Pods-flixUITests.debug.xcconfig */,
				B8AF9336238415A242D1BFC1 /* Pods-flixUITests.release.xcconfig */,
			);
			name = Pods;
			sourceTree = "<group>";
		};
		B8162005204D061100197E74 /* Custom */ = {
			isa = PBXGroup;
			children = (
				B8162003204CF30C00197E74 /* Movie.swift */,
				B8162006204D064200197E74 /* MovieApiManager.swift */,
			);
			path = Custom;
			sourceTree = "<group>";
		};
		B823B4EC20291385006CE3E4 /* ViewControllers */ = {
			isa = PBXGroup;
			children = (
				B823B4EE20291407006CE3E4 /* DetailViewController.swift */,
				B87C2E6C20241EEF00123E3A /* NowPlayingViewController.swift */,
				B823B4F22030E569006CE3E4 /* SuperheroViewController.swift */,
			);
			path = ViewControllers;
			sourceTree = "<group>";
		};
		B823B4ED202913A2006CE3E4 /* Views */ = {
			isa = PBXGroup;
			children = (
				B87C2E6E202454C300123E3A /* MovieCell.swift */,
				B823B4F02030E50A006CE3E4 /* PosterCell.swift */,
			);
			path = Views;
			sourceTree = "<group>";
		};
		B8E9837D2022777B00F2EE4D = {
			isa = PBXGroup;
			children = (
				B8E983882022777B00F2EE4D /* flix */,
				B8E9839D2022777B00F2EE4D /* flixTests */,
				B8E983A82022777B00F2EE4D /* flixUITests */,
				B8E983872022777B00F2EE4D /* Products */,
				A8791B6EC3604E4A91DD870F /* Pods */,
				D4293DF6D4FFE8FD92A24AF5 /* Frameworks */,
			);
			sourceTree = "<group>";
		};
		B8E983872022777B00F2EE4D /* Products */ = {
			isa = PBXGroup;
			children = (
				B8E983862022777B00F2EE4D /* flix.app */,
				B8E9839A2022777B00F2EE4D /* flixTests.xctest */,
				B8E983A52022777B00F2EE4D /* flixUITests.xctest */,
			);
			name = Products;
			sourceTree = "<group>";
		};
		B8E983882022777B00F2EE4D /* flix */ = {
			isa = PBXGroup;
			children = (
				B8162005204D061100197E74 /* Custom */,
				B823B4ED202913A2006CE3E4 /* Views */,
				B823B4EC20291385006CE3E4 /* ViewControllers */,
				B8E983892022777B00F2EE4D /* AppDelegate.swift */,
				B8E9838D2022777B00F2EE4D /* Main.storyboard */,
				B8E983902022777B00F2EE4D /* Assets.xcassets */,
				B8E983922022777B00F2EE4D /* LaunchScreen.storyboard */,
				B8E983952022777B00F2EE4D /* Info.plist */,
			);
			path = flix;
			sourceTree = "<group>";
		};
		B8E9839D2022777B00F2EE4D /* flixTests */ = {
			isa = PBXGroup;
			children = (
				B8E9839E2022777B00F2EE4D /* flixTests.swift */,
				B8E983A02022777B00F2EE4D /* Info.plist */,
			);
			path = flixTests;
			sourceTree = "<group>";
		};
		B8E983A82022777B00F2EE4D /* flixUITests */ = {
			isa = PBXGroup;
			children = (
				B8E983A92022777B00F2EE4D /* flixUITests.swift */,
				B8E983AB2022777B00F2EE4D /* Info.plist */,
			);
			path = flixUITests;
			sourceTree = "<group>";
		};
		D4293DF6D4FFE8FD92A24AF5 /* Frameworks */ = {
			isa = PBXGroup;
			children = (
				0250FD8F6FF3A34FDC7DB8FD /* Pods_flix.framework */,
				AA1DD883A611FB03EFF05028 /* Pods_flixTests.framework */,
				F9FFF879140C33C72B12305A /* Pods_flixUITests.framework */,
			);
			name = Frameworks;
			sourceTree = "<group>";
		};
/* End PBXGroup section */

/* Begin PBXNativeTarget section */
		B8E983852022777B00F2EE4D /* flix */ = {
			isa = PBXNativeTarget;
			buildConfigurationList = B8E983AE2022777B00F2EE4D /* Build configuration list for PBXNativeTarget "flix" */;
			buildPhases = (
				4A14F8E5E56635B08DC73F48 /* [CP] Check Pods Manifest.lock */,
				B8E983822022777B00F2EE4D /* Sources */,
				B8E983832022777B00F2EE4D /* Frameworks */,
				B8E983842022777B00F2EE4D /* Resources */,
				7BD5100215406A2DE62FBCD8 /* [CP] Embed Pods Frameworks */,
				CDD17D02ED9F3D71EC707774 /* [CP] Copy Pods Resources */,
			);
			buildRules = (
			);
			dependencies = (
			);
			name = flix;
			productName = flix;
			productReference = B8E983862022777B00F2EE4D /* flix.app */;
			productType = "com.apple.product-type.application";
		};
		B8E983992022777B00F2EE4D /* flixTests */ = {
			isa = PBXNativeTarget;
			buildConfigurationList = B8E983B12022777B00F2EE4D /* Build configuration list for PBXNativeTarget "flixTests" */;
			buildPhases = (
				E993B13CF6B6818821781B05 /* [CP] Check Pods Manifest.lock */,
				B8E983962022777B00F2EE4D /* Sources */,
				B8E983972022777B00F2EE4D /* Frameworks */,
				B8E983982022777B00F2EE4D /* Resources */,
				5E049D577BF8090EC04E4B49 /* [CP] Embed Pods Frameworks */,
				A723D1DAFB0E31166B7D200A /* [CP] Copy Pods Resources */,
			);
			buildRules = (
			);
			dependencies = (
				B8E9839C2022777B00F2EE4D /* PBXTargetDependency */,
			);
			name = flixTests;
			productName = flixTests;
			productReference = B8E9839A2022777B00F2EE4D /* flixTests.xctest */;
			productType = "com.apple.product-type.bundle.unit-test";
		};
		B8E983A42022777B00F2EE4D /* flixUITests */ = {
			isa = PBXNativeTarget;
			buildConfigurationList = B8E983B42022777B00F2EE4D /* Build configuration list for PBXNativeTarget "flixUITests" */;
			buildPhases = (
				0BC0C6EE329CAF018A4C41D6 /* [CP] Check Pods Manifest.lock */,
				B8E983A12022777B00F2EE4D /* Sources */,
				B8E983A22022777B00F2EE4D /* Frameworks */,
				B8E983A32022777B00F2EE4D /* Resources */,
				0B5A8BAE438B89D4F028B742 /* [CP] Embed Pods Frameworks */,
				D0407B580085DDFC640602E5 /* [CP] Copy Pods Resources */,
			);
			buildRules = (
			);
			dependencies = (
				B8E983A72022777B00F2EE4D /* PBXTargetDependency */,
			);
			name = flixUITests;
			productName = flixUITests;
			productReference = B8E983A52022777B00F2EE4D /* flixUITests.xctest */;
			productType = "com.apple.product-type.bundle.ui-testing";
		};
/* End PBXNativeTarget section */

/* Begin PBXProject section */
		B8E9837E2022777B00F2EE4D /* Project object */ = {
			isa = PBXProject;
			attributes = {
				LastSwiftUpdateCheck = 0920;
				LastUpgradeCheck = 0920;
				ORGANIZATIONNAME = "Nancy Gomez";
				TargetAttributes = {
					B8E983852022777B00F2EE4D = {
						CreatedOnToolsVersion = 9.2;
						ProvisioningStyle = Automatic;
					};
					B8E983992022777B00F2EE4D = {
						CreatedOnToolsVersion = 9.2;
						ProvisioningStyle = Automatic;
						TestTargetID = B8E983852022777B00F2EE4D;
					};
					B8E983A42022777B00F2EE4D = {
						CreatedOnToolsVersion = 9.2;
						ProvisioningStyle = Automatic;
						TestTargetID = B8E983852022777B00F2EE4D;
					};
				};
			};
			buildConfigurationList = B8E983812022777B00F2EE4D /* Build configuration list for PBXProject "flix" */;
			compatibilityVersion = "Xcode 8.0";
			developmentRegion = en;
			hasScannedForEncodings = 0;
			knownRegions = (
				en,
				Base,
			);
			mainGroup = B8E9837D2022777B00F2EE4D;
			productRefGroup = B8E983872022777B00F2EE4D /* Products */;
			projectDirPath = "";
			projectRoot = "";
			targets = (
				B8E983852022777B00F2EE4D /* flix */,
				B8E983992022777B00F2EE4D /* flixTests */,
				B8E983A42022777B00F2EE4D /* flixUITests */,
			);
		};
/* End PBXProject section */

/* Begin PBXResourcesBuildPhase section */
		B8E983842022777B00F2EE4D /* Resources */ = {
			isa = PBXResourcesBuildPhase;
			buildActionMask = 2147483647;
			files = (
				B8E983942022777B00F2EE4D /* LaunchScreen.storyboard in Resources */,
				B8E983912022777B00F2EE4D /* Assets.xcassets in Resources */,
				B8E9838F2022777B00F2EE4D /* Main.storyboard in Resources */,
			);
			runOnlyForDeploymentPostprocessing = 0;
		};
		B8E983982022777B00F2EE4D /* Resources */ = {
			isa = PBXResourcesBuildPhase;
			buildActionMask = 2147483647;
			files = (
			);
			runOnlyForDeploymentPostprocessing = 0;
		};
		B8E983A32022777B00F2EE4D /* Resources */ = {
			isa = PBXResourcesBuildPhase;
			buildActionMask = 2147483647;
			files = (
			);
			runOnlyForDeploymentPostprocessing = 0;
		};
/* End PBXResourcesBuildPhase section */

/* Begin PBXShellScriptBuildPhase section */
		0B5A8BAE438B89D4F028B742 /* [CP] Embed Pods Frameworks */ = {
			isa = PBXShellScriptBuildPhase;
			buildActionMask = 2147483647;
			files = (
			);
			inputPaths = (
			);
			name = "[CP] Embed Pods Frameworks";
			outputPaths = (
			);
			runOnlyForDeploymentPostprocessing = 0;
			shellPath = /bin/sh;
			shellScript = "\"${SRCROOT}/Pods/Target Support Files/Pods-flixUITests/Pods-flixUITests-frameworks.sh\"\n";
			showEnvVarsInLog = 0;
		};
		0BC0C6EE329CAF018A4C41D6 /* [CP] Check Pods Manifest.lock */ = {
			isa = PBXShellScriptBuildPhase;
			buildActionMask = 2147483647;
			files = (
			);
			inputPaths = (
				"${PODS_PODFILE_DIR_PATH}/Podfile.lock",
				"${PODS_ROOT}/Manifest.lock",
			);
			name = "[CP] Check Pods Manifest.lock";
			outputPaths = (
				"$(DERIVED_FILE_DIR)/Pods-flixUITests-checkManifestLockResult.txt",
			);
			runOnlyForDeploymentPostprocessing = 0;
			shellPath = /bin/sh;
			shellScript = "diff \"${PODS_PODFILE_DIR_PATH}/Podfile.lock\" \"${PODS_ROOT}/Manifest.lock\" > /dev/null\nif [ $? != 0 ] ; then\n    # print error to STDERR\n    echo \"error: The sandbox is not in sync with the Podfile.lock. Run 'pod install' or update your CocoaPods installation.\" >&2\n    exit 1\nfi\n# This output is used by Xcode 'outputs' to avoid re-running this script phase.\necho \"SUCCESS\" > \"${SCRIPT_OUTPUT_FILE_0}\"\n";
			showEnvVarsInLog = 0;
		};
		4A14F8E5E56635B08DC73F48 /* [CP] Check Pods Manifest.lock */ = {
			isa = PBXShellScriptBuildPhase;
			buildActionMask = 2147483647;
			files = (
			);
			inputPaths = (
				"${PODS_PODFILE_DIR_PATH}/Podfile.lock",
				"${PODS_ROOT}/Manifest.lock",
			);
			name = "[CP] Check Pods Manifest.lock";
			outputPaths = (
				"$(DERIVED_FILE_DIR)/Pods-flix-checkManifestLockResult.txt",
			);
			runOnlyForDeploymentPostprocessing = 0;
			shellPath = /bin/sh;
			shellScript = "diff \"${PODS_PODFILE_DIR_PATH}/Podfile.lock\" \"${PODS_ROOT}/Manifest.lock\" > /dev/null\nif [ $? != 0 ] ; then\n    # print error to STDERR\n    echo \"error: The sandbox is not in sync with the Podfile.lock. Run 'pod install' or update your CocoaPods installation.\" >&2\n    exit 1\nfi\n# This output is used by Xcode 'outputs' to avoid re-running this script phase.\necho \"SUCCESS\" > \"${SCRIPT_OUTPUT_FILE_0}\"\n";
			showEnvVarsInLog = 0;
		};
		5E049D577BF8090EC04E4B49 /* [CP] Embed Pods Frameworks */ = {
			isa = PBXShellScriptBuildPhase;
			buildActionMask = 2147483647;
			files = (
			);
			inputPaths = (
			);
			name = "[CP] Embed Pods Frameworks";
			outputPaths = (
			);
			runOnlyForDeploymentPostprocessing = 0;
			shellPath = /bin/sh;
			shellScript = "\"${SRCROOT}/Pods/Target Support Files/Pods-flixTests/Pods-flixTests-frameworks.sh\"\n";
			showEnvVarsInLog = 0;
		};
		7BD5100215406A2DE62FBCD8 /* [CP] Embed Pods Frameworks */ = {
			isa = PBXShellScriptBuildPhase;
			buildActionMask = 2147483647;
			files = (
			);
			inputPaths = (
				"${SRCROOT}/Pods/Target Support Files/Pods-flix/Pods-flix-frameworks.sh",
				"${BUILT_PRODUCTS_DIR}/Alamofire/Alamofire.framework",
				"${BUILT_PRODUCTS_DIR}/AlamofireImage/AlamofireImage.framework",
			);
			name = "[CP] Embed Pods Frameworks";
			outputPaths = (
				"${TARGET_BUILD_DIR}/${FRAMEWORKS_FOLDER_PATH}/Alamofire.framework",
				"${TARGET_BUILD_DIR}/${FRAMEWORKS_FOLDER_PATH}/AlamofireImage.framework",
			);
			runOnlyForDeploymentPostprocessing = 0;
			shellPath = /bin/sh;
			shellScript = "\"${SRCROOT}/Pods/Target Support Files/Pods-flix/Pods-flix-frameworks.sh\"\n";
			showEnvVarsInLog = 0;
		};
		A723D1DAFB0E31166B7D200A /* [CP] Copy Pods Resources */ = {
			isa = PBXShellScriptBuildPhase;
			buildActionMask = 2147483647;
			files = (
			);
			inputPaths = (
			);
			name = "[CP] Copy Pods Resources";
			outputPaths = (
			);
			runOnlyForDeploymentPostprocessing = 0;
			shellPath = /bin/sh;
			shellScript = "\"${SRCROOT}/Pods/Target Support Files/Pods-flixTests/Pods-flixTests-resources.sh\"\n";
			showEnvVarsInLog = 0;
		};
		CDD17D02ED9F3D71EC707774 /* [CP] Copy Pods Resources */ = {
			isa = PBXShellScriptBuildPhase;
			buildActionMask = 2147483647;
			files = (
			);
			inputPaths = (
			);
			name = "[CP] Copy Pods Resources";
			outputPaths = (
			);
			runOnlyForDeploymentPostprocessing = 0;
			shellPath = /bin/sh;
			shellScript = "\"${SRCROOT}/Pods/Target Support Files/Pods-flix/Pods-flix-resources.sh\"\n";
			showEnvVarsInLog = 0;
		};
		D0407B580085DDFC640602E5 /* [CP] Copy Pods Resources */ = {
			isa = PBXShellScriptBuildPhase;
			buildActionMask = 2147483647;
			files = (
			);
			inputPaths = (
			);
			name = "[CP] Copy Pods Resources";
			outputPaths = (
			);
			runOnlyForDeploymentPostprocessing = 0;
			shellPath = /bin/sh;
			shellScript = "\"${SRCROOT}/Pods/Target Support Files/Pods-flixUITests/Pods-flixUITests-resources.sh\"\n";
			showEnvVarsInLog = 0;
		};
		E993B13CF6B6818821781B05 /* [CP] Check Pods Manifest.lock */ = {
			isa = PBXShellScriptBuildPhase;
			buildActionMask = 2147483647;
			files = (
			);
			inputPaths = (
				"${PODS_PODFILE_DIR_PATH}/Podfile.lock",
				"${PODS_ROOT}/Manifest.lock",
			);
			name = "[CP] Check Pods Manifest.lock";
			outputPaths = (
				"$(DERIVED_FILE_DIR)/Pods-flixTests-checkManifestLockResult.txt",
			);
			runOnlyForDeploymentPostprocessing = 0;
			shellPath = /bin/sh;
			shellScript = "diff \"${PODS_PODFILE_DIR_PATH}/Podfile.lock\" \"${PODS_ROOT}/Manifest.lock\" > /dev/null\nif [ $? != 0 ] ; then\n    # print error to STDERR\n    echo \"error: The sandbox is not in sync with the Podfile.lock. Run 'pod install' or update your CocoaPods installation.\" >&2\n    exit 1\nfi\n# This output is used by Xcode 'outputs' to avoid re-running this script phase.\necho \"SUCCESS\" > \"${SCRIPT_OUTPUT_FILE_0}\"\n";
			showEnvVarsInLog = 0;
		};
/* End PBXShellScriptBuildPhase section */

/* Begin PBXSourcesBuildPhase section */
		B8E983822022777B00F2EE4D /* Sources */ = {
			isa = PBXSourcesBuildPhase;
			buildActionMask = 2147483647;
			files = (
				B8162004204CF30C00197E74 /* Movie.swift in Sources */,
				B87C2E6D20241EEF00123E3A /* NowPlayingViewController.swift in Sources */,
				B823B4F12030E50A006CE3E4 /* PosterCell.swift in Sources */,
				B823B4F32030E569006CE3E4 /* SuperheroViewController.swift in Sources */,
				B8E9838A2022777B00F2EE4D /* AppDelegate.swift in Sources */,
				B8162007204D064200197E74 /* MovieApiManager.swift in Sources */,
				B87C2E6F202454C300123E3A /* MovieCell.swift in Sources */,
				B823B4EF20291407006CE3E4 /* DetailViewController.swift in Sources */,
			);
			runOnlyForDeploymentPostprocessing = 0;
		};
		B8E983962022777B00F2EE4D /* Sources */ = {
			isa = PBXSourcesBuildPhase;
			buildActionMask = 2147483647;
			files = (
				B8E9839F2022777B00F2EE4D /* flixTests.swift in Sources */,
			);
			runOnlyForDeploymentPostprocessing = 0;
		};
		B8E983A12022777B00F2EE4D /* Sources */ = {
			isa = PBXSourcesBuildPhase;
			buildActionMask = 2147483647;
			files = (
				B8E983AA2022777B00F2EE4D /* flixUITests.swift in Sources */,
			);
			runOnlyForDeploymentPostprocessing = 0;
		};
/* End PBXSourcesBuildPhase section */

/* Begin PBXTargetDependency section */
		B8E9839C2022777B00F2EE4D /* PBXTargetDependency */ = {
			isa = PBXTargetDependency;
			target = B8E983852022777B00F2EE4D /* flix */;
			targetProxy = B8E9839B2022777B00F2EE4D /* PBXContainerItemProxy */;
		};
		B8E983A72022777B00F2EE4D /* PBXTargetDependency */ = {
			isa = PBXTargetDependency;
			target = B8E983852022777B00F2EE4D /* flix */;
			targetProxy = B8E983A62022777B00F2EE4D /* PBXContainerItemProxy */;
		};
/* End PBXTargetDependency section */

/* Begin PBXVariantGroup section */
		B8E9838D2022777B00F2EE4D /* Main.storyboard */ = {
			isa = PBXVariantGroup;
			children = (
				B8E9838E2022777B00F2EE4D /* Base */,
			);
			name = Main.storyboard;
			sourceTree = "<group>";
		};
		B8E983922022777B00F2EE4D /* LaunchScreen.storyboard */ = {
			isa = PBXVariantGroup;
			children = (
				B8E983932022777B00F2EE4D /* Base */,
			);
			name = LaunchScreen.storyboard;
			sourceTree = "<group>";
		};
/* End PBXVariantGroup section */

/* Begin XCBuildConfiguration section */
		B8E983AC2022777B00F2EE4D /* Debug */ = {
			isa = XCBuildConfiguration;
			buildSettings = {
				ALWAYS_SEARCH_USER_PATHS = NO;
				CLANG_ANALYZER_NONNULL = YES;
				CLANG_ANALYZER_NUMBER_OBJECT_CONVERSION = YES_AGGRESSIVE;
				CLANG_CXX_LANGUAGE_STANDARD = "gnu++14";
				CLANG_CXX_LIBRARY = "libc++";
				CLANG_ENABLE_MODULES = YES;
				CLANG_ENABLE_OBJC_ARC = YES;
				CLANG_WARN_BLOCK_CAPTURE_AUTORELEASING = YES;
				CLANG_WARN_BOOL_CONVERSION = YES;
				CLANG_WARN_COMMA = YES;
				CLANG_WARN_CONSTANT_CONVERSION = YES;
				CLANG_WARN_DIRECT_OBJC_ISA_USAGE = YES_ERROR;
				CLANG_WARN_DOCUMENTATION_COMMENTS = YES;
				CLANG_WARN_EMPTY_BODY = YES;
				CLANG_WARN_ENUM_CONVERSION = YES;
				CLANG_WARN_INFINITE_RECURSION = YES;
				CLANG_WARN_INT_CONVERSION = YES;
				CLANG_WARN_NON_LITERAL_NULL_CONVERSION = YES;
				CLANG_WARN_OBJC_LITERAL_CONVERSION = YES;
				CLANG_WARN_OBJC_ROOT_CLASS = YES_ERROR;
				CLANG_WARN_RANGE_LOOP_ANALYSIS = YES;
				CLANG_WARN_STRICT_PROTOTYPES = YES;
				CLANG_WARN_SUSPICIOUS_MOVE = YES;
				CLANG_WARN_UNGUARDED_AVAILABILITY = YES_AGGRESSIVE;
				CLANG_WARN_UNREACHABLE_CODE = YES;
				CLANG_WARN__DUPLICATE_METHOD_MATCH = YES;
				CODE_SIGN_IDENTITY = "iPhone Developer";
				COPY_PHASE_STRIP = NO;
				DEBUG_INFORMATION_FORMAT = dwarf;
				ENABLE_STRICT_OBJC_MSGSEND = YES;
				ENABLE_TESTABILITY = YES;
				GCC_C_LANGUAGE_STANDARD = gnu11;
				GCC_DYNAMIC_NO_PIC = NO;
				GCC_NO_COMMON_BLOCKS = YES;
				GCC_OPTIMIZATION_LEVEL = 0;
				GCC_PREPROCESSOR_DEFINITIONS = (
					"DEBUG=1",
					"$(inherited)",
				);
				GCC_WARN_64_TO_32_BIT_CONVERSION = YES;
				GCC_WARN_ABOUT_RETURN_TYPE = YES_ERROR;
				GCC_WARN_UNDECLARED_SELECTOR = YES;
				GCC_WARN_UNINITIALIZED_AUTOS = YES_AGGRESSIVE;
				GCC_WARN_UNUSED_FUNCTION = YES;
				GCC_WARN_UNUSED_VARIABLE = YES;
				IPHONEOS_DEPLOYMENT_TARGET = 11.2;
				MTL_ENABLE_DEBUG_INFO = YES;
				ONLY_ACTIVE_ARCH = YES;
				SDKROOT = iphoneos;
				SWIFT_ACTIVE_COMPILATION_CONDITIONS = DEBUG;
				SWIFT_OPTIMIZATION_LEVEL = "-Onone";
			};
			name = Debug;
		};
		B8E983AD2022777B00F2EE4D /* Release */ = {
			isa = XCBuildConfiguration;
			buildSettings = {
				ALWAYS_SEARCH_USER_PATHS = NO;
				CLANG_ANALYZER_NONNULL = YES;
				CLANG_ANALYZER_NUMBER_OBJECT_CONVERSION = YES_AGGRESSIVE;
				CLANG_CXX_LANGUAGE_STANDARD = "gnu++14";
				CLANG_CXX_LIBRARY = "libc++";
				CLANG_ENABLE_MODULES = YES;
				CLANG_ENABLE_OBJC_ARC = YES;
				CLANG_WARN_BLOCK_CAPTURE_AUTORELEASING = YES;
				CLANG_WARN_BOOL_CONVERSION = YES;
				CLANG_WARN_COMMA = YES;
				CLANG_WARN_CONSTANT_CONVERSION = YES;
				CLANG_WARN_DIRECT_OBJC_ISA_USAGE = YES_ERROR;
				CLANG_WARN_DOCUMENTATION_COMMENTS = YES;
				CLANG_WARN_EMPTY_BODY = YES;
				CLANG_WARN_ENUM_CONVERSION = YES;
				CLANG_WARN_INFINITE_RECURSION = YES;
				CLANG_WARN_INT_CONVERSION = YES;
				CLANG_WARN_NON_LITERAL_NULL_CONVERSION = YES;
				CLANG_WARN_OBJC_LITERAL_CONVERSION = YES;
				CLANG_WARN_OBJC_ROOT_CLASS = YES_ERROR;
				CLANG_WARN_RANGE_LOOP_ANALYSIS = YES;
				CLANG_WARN_STRICT_PROTOTYPES = YES;
				CLANG_WARN_SUSPICIOUS_MOVE = YES;
				CLANG_WARN_UNGUARDED_AVAILABILITY = YES_AGGRESSIVE;
				CLANG_WARN_UNREACHABLE_CODE = YES;
				CLANG_WARN__DUPLICATE_METHOD_MATCH = YES;
				CODE_SIGN_IDENTITY = "iPhone Developer";
				COPY_PHASE_STRIP = NO;
				DEBUG_INFORMATION_FORMAT = "dwarf-with-dsym";
				ENABLE_NS_ASSERTIONS = NO;
				ENABLE_STRICT_OBJC_MSGSEND = YES;
				GCC_C_LANGUAGE_STANDARD = gnu11;
				GCC_NO_COMMON_BLOCKS = YES;
				GCC_WARN_64_TO_32_BIT_CONVERSION = YES;
				GCC_WARN_ABOUT_RETURN_TYPE = YES_ERROR;
				GCC_WARN_UNDECLARED_SELECTOR = YES;
				GCC_WARN_UNINITIALIZED_AUTOS = YES_AGGRESSIVE;
				GCC_WARN_UNUSED_FUNCTION = YES;
				GCC_WARN_UNUSED_VARIABLE = YES;
				IPHONEOS_DEPLOYMENT_TARGET = 11.2;
				MTL_ENABLE_DEBUG_INFO = NO;
				SDKROOT = iphoneos;
				SWIFT_OPTIMIZATION_LEVEL = "-Owholemodule";
				VALIDATE_PRODUCT = YES;
			};
			name = Release;
		};
		B8E983AF2022777B00F2EE4D /* Debug */ = {
			isa = XCBuildConfiguration;
			baseConfigurationReference = 7C172BC45F7D3AFD9300DE36 /* Pods-flix.debug.xcconfig */;
			buildSettings = {
				ASSETCATALOG_COMPILER_APPICON_NAME = AppIcon;
				CODE_SIGN_STYLE = Automatic;
				INFOPLIST_FILE = flix/Info.plist;
				LD_RUNPATH_SEARCH_PATHS = "$(inherited) @executable_path/Frameworks";
				PRODUCT_BUNDLE_IDENTIFIER = com.csumb.flix;
				PRODUCT_NAME = "$(TARGET_NAME)";
				SWIFT_VERSION = 4.0;
				TARGETED_DEVICE_FAMILY = "1,2";
			};
			name = Debug;
		};
		B8E983B02022777B00F2EE4D /* Release */ = {
			isa = XCBuildConfiguration;
			baseConfigurationReference = 127B25527E3F7DEF0D1E2518 /* Pods-flix.release.xcconfig */;
			buildSettings = {
				ASSETCATALOG_COMPILER_APPICON_NAME = AppIcon;
				CODE_SIGN_STYLE = Automatic;
				INFOPLIST_FILE = flix/Info.plist;
				LD_RUNPATH_SEARCH_PATHS = "$(inherited) @executable_path/Frameworks";
				PRODUCT_BUNDLE_IDENTIFIER = com.csumb.flix;
				PRODUCT_NAME = "$(TARGET_NAME)";
				SWIFT_VERSION = 4.0;
				TARGETED_DEVICE_FAMILY = "1,2";
			};
			name = Release;
		};
		B8E983B22022777B00F2EE4D /* Debug */ = {
			isa = XCBuildConfiguration;
			baseConfigurationReference = 8EB7D0F5FCA1EE9C03EF8AA7 /* Pods-flixTests.debug.xcconfig */;
			buildSettings = {
				ALWAYS_EMBED_SWIFT_STANDARD_LIBRARIES = YES;
				BUNDLE_LOADER = "$(TEST_HOST)";
				CODE_SIGN_STYLE = Automatic;
				INFOPLIST_FILE = flixTests/Info.plist;
				LD_RUNPATH_SEARCH_PATHS = "$(inherited) @executable_path/Frameworks @loader_path/Frameworks";
				PRODUCT_BUNDLE_IDENTIFIER = com.csumb.flixTests;
				PRODUCT_NAME = "$(TARGET_NAME)";
				SWIFT_VERSION = 4.0;
				TARGETED_DEVICE_FAMILY = "1,2";
				TEST_HOST = "$(BUILT_PRODUCTS_DIR)/flix.app/flix";
			};
			name = Debug;
		};
		B8E983B32022777B00F2EE4D /* Release */ = {
			isa = XCBuildConfiguration;
			baseConfigurationReference = 1651DADD48265CE3053C6DD6 /* Pods-flixTests.release.xcconfig */;
			buildSettings = {
				ALWAYS_EMBED_SWIFT_STANDARD_LIBRARIES = YES;
				BUNDLE_LOADER = "$(TEST_HOST)";
				CODE_SIGN_STYLE = Automatic;
				INFOPLIST_FILE = flixTests/Info.plist;
				LD_RUNPATH_SEARCH_PATHS = "$(inherited) @executable_path/Frameworks @loader_path/Frameworks";
				PRODUCT_BUNDLE_IDENTIFIER = com.csumb.flixTests;
				PRODUCT_NAME = "$(TARGET_NAME)";
				SWIFT_VERSION = 4.0;
				TARGETED_DEVICE_FAMILY = "1,2";
				TEST_HOST = "$(BUILT_PRODUCTS_DIR)/flix.app/flix";
			};
			name = Release;
		};
		B8E983B52022777B00F2EE4D /* Debug */ = {
			isa = XCBuildConfiguration;
			baseConfigurationReference = B69B640FF90D3E70ABE0F47A /* Pods-flixUITests.debug.xcconfig */;
			buildSettings = {
				ALWAYS_EMBED_SWIFT_STANDARD_LIBRARIES = YES;
				CODE_SIGN_STYLE = Automatic;
				INFOPLIST_FILE = flixUITests/Info.plist;
				LD_RUNPATH_SEARCH_PATHS = "$(inherited) @executable_path/Frameworks @loader_path/Frameworks";
				PRODUCT_BUNDLE_IDENTIFIER = com.csumb.flixUITests;
				PRODUCT_NAME = "$(TARGET_NAME)";
				SWIFT_VERSION = 4.0;
				TARGETED_DEVICE_FAMILY = "1,2";
				TEST_TARGET_NAME = flix;
			};
			name = Debug;
		};
		B8E983B62022777B00F2EE4D /* Release */ = {
			isa = XCBuildConfiguration;
			baseConfigurationReference = B8AF9336238415A242D1BFC1 /* Pods-flixUITests.release.xcconfig */;
			buildSettings = {
				ALWAYS_EMBED_SWIFT_STANDARD_LIBRARIES = YES;
				CODE_SIGN_STYLE = Automatic;
				INFOPLIST_FILE = flixUITests/Info.plist;
				LD_RUNPATH_SEARCH_PATHS = "$(inherited) @executable_path/Frameworks @loader_path/Frameworks";
				PRODUCT_BUNDLE_IDENTIFIER = com.csumb.flixUITests;
				PRODUCT_NAME = "$(TARGET_NAME)";
				SWIFT_VERSION = 4.0;
				TARGETED_DEVICE_FAMILY = "1,2";
				TEST_TARGET_NAME = flix;
			};
			name = Release;
		};
/* End XCBuildConfiguration section */

/* Begin XCConfigurationList section */
		B8E983812022777B00F2EE4D /* Build configuration list for PBXProject "flix" */ = {
			isa = XCConfigurationList;
			buildConfigurations = (
				B8E983AC2022777B00F2EE4D /* Debug */,
				B8E983AD2022777B00F2EE4D /* Release */,
			);
			defaultConfigurationIsVisible = 0;
			defaultConfigurationName = Release;
		};
		B8E983AE2022777B00F2EE4D /* Build configuration list for PBXNativeTarget "flix" */ = {
			isa = XCConfigurationList;
			buildConfigurations = (
				B8E983AF2022777B00F2EE4D /* Debug */,
				B8E983B02022777B00F2EE4D /* Release */,
			);
			defaultConfigurationIsVisible = 0;
			defaultConfigurationName = Release;
		};
		B8E983B12022777B00F2EE4D /* Build configuration list for PBXNativeTarget "flixTests" */ = {
			isa = XCConfigurationList;
			buildConfigurations = (
				B8E983B22022777B00F2EE4D /* Debug */,
				B8E983B32022777B00F2EE4D /* Release */,
			);
			defaultConfigurationIsVisible = 0;
			defaultConfigurationName = Release;
		};
		B8E983B42022777B00F2EE4D /* Build configuration list for PBXNativeTarget "flixUITests" */ = {
			isa = XCConfigurationList;
			buildConfigurations = (
				B8E983B52022777B00F2EE4D /* Debug */,
				B8E983B62022777B00F2EE4D /* Release */,
			);
			defaultConfigurationIsVisible = 0;
			defaultConfigurationName = Release;
		};
/* End XCConfigurationList section */
	};
	rootObject = B8E9837E2022777B00F2EE4D /* Project object */;
}
